
Microsoft Visual Studio Solution File, Format Version 12.00
# Visual Studio Version 17
VisualStudioVersion = 17.0.31912.275
MinimumVisualStudioVersion = 10.0.40219.1
Project("{FAE04EC0-301F-11D3-BF4B-00C04F79EFBC}") = "Store.Web", "Store.Web\Store.Web.csproj", "{A44D4F2B-2AEA-4FE4-BC19-1D42CF2CCAC5}"
EndProject
Global
	GlobalSection(SolutionConfigurationPlatforms) = preSolution
		Debug|Any CPU = Debug|Any CPU
		Release|Any CPU = Release|Any CPU
	EndGlobalSection
	GlobalSection(ProjectConfigurationPlatforms) = postSolution
		{A44D4F2B-2AEA-4FE4-BC19-1D42CF2CCAC5}.Debug|Any CPU.ActiveCfg = Debug|Any CPU
		{A44D4F2B-2AEA-4FE4-BC19-1D42CF2CCAC5}.Debug|Any CPU.Build.0 = Debug|Any CPU
		{A44D4F2B-2AEA-4FE4-BC19-1D42CF2CCAC5}.Release|Any CPU.ActiveCfg = Release|Any CPU
		{A44D4F2B-2AEA-4FE4-BC19-1D42CF2CCAC5}.Release|Any CPU.Build.0 = Release|Any CPU
	EndGlobalSection
	GlobalSection(SolutionProperties) = preSolution
		HideSolutionNode = FALSE
	EndGlobalSection
	GlobalSection(ExtensibilityGlobals) = postSolution
		SolutionGuid = {C8194B5F-0C15-4F41-889C-956761DCF98D}
	EndGlobalSection
EndGlobal
